{
  "requires": true,
  "lockfileVersion": 1,
  "dependencies": {
    "@daml/ledger": {
      "version": "file:daml-ledger",
      "requires": {
        "@daml/types": "0.0.0-SDKVERSION",
        "@mojotech/json-type-validation": "^3.1.0",
        "cross-fetch": "^3.0.4",
        "events": "^3.1.0",
        "isomorphic-ws": "^4.0.1",
        "ws": "^7.2.1"
      }
    },
    "@daml/types": {
      "version": "file:daml-types",
      "requires": {
        "@mojotech/json-type-validation": "^3.1.0"
      }
    },
    "@mojotech/json-type-validation": {
      "version": "3.1.0",
      "resolved": "https://registry.npmjs.org/@mojotech/json-type-validation/-/json-type-validation-3.1.0.tgz",
      "integrity": "sha512-ThH2EbHEUCPMHhXAtmYcDi0gmV+PZak4uvuWBMiBDqUuz7gGQUrsE5o1J6kKNLDX5cXAPqsfJ7uTfTcNdCDXxA==",
      "requires": {
        "lodash.isequal": "^4.5.0"
      }
    },
    "@types/lodash": {
      "version": "4.14.171",
      "resolved": "https://registry.npmjs.org/@types/lodash/-/lodash-4.14.171.tgz",
      "integrity": "sha512-7eQ2xYLLI/LsicL2nejW9Wyko3lcpN6O/z0ZLHrEQsg280zIdCv1t/0m6UtBjUHokCGBQ3gYTbHzDkZ1xOBwwg==",
      "dev": true
    },
    "cross-fetch": {
      "version": "3.1.4",
      "resolved": "https://registry.npmjs.org/cross-fetch/-/cross-fetch-3.1.4.tgz",
      "integrity": "sha512-1eAtFWdIubi6T4XPy6ei9iUFoKpUkIF971QLN8lIvvvwueI65+Nw5haMNKUwfJxabqlIIDODJKGrQ66gxC0PbQ==",
      "requires": {
        "node-fetch": "2.6.1"
      }
    },
    "events": {
      "version": "3.3.0",
      "resolved": "https://registry.npmjs.org/events/-/events-3.3.0.tgz",
      "integrity": "sha512-mQw+2fkQbALzQ7V0MY0IqdnXNOeTtP4r0lN9z7AAawCXgqea7bDii20AYrIBrFd/Hx0M2Ocz6S111CaFkUcb0Q=="
    },
    "isomorphic-ws": {
      "version": "4.0.1",
      "resolved": "https://registry.npmjs.org/isomorphic-ws/-/isomorphic-ws-4.0.1.tgz",
      "integrity": "sha512-BhBvN2MBpWTaSHdWRb/bwdZJ1WaehQ2L1KngkCkfLUGF0mAWAT1sQUQacEmQ0jXkFw/czDXPNQSL5u2/Krsz1w=="
    },
    "lodash.isequal": {
      "version": "4.5.0",
      "resolved": "https://registry.npmjs.org/lodash.isequal/-/lodash.isequal-4.5.0.tgz",
      "integrity": "sha1-QVxEePK8wwEgwizhDtMib30+GOA="
    },
    "node-fetch": {
      "version": "2.6.1",
      "resolved": "https://registry.npmjs.org/node-fetch/-/node-fetch-2.6.1.tgz",
      "integrity": "sha512-V4aYg89jEoVRxRb2fJdAg8FHvI7cEyYdVAh94HH0UIK8oJxUfkjlDQN9RbMx+bEjP7+ggMiFRprSti032Oipxw=="
    },
    "ws": {
      "version": "7.5.2",
      "resolved": "https://registry.npmjs.org/ws/-/ws-7.5.2.tgz",
      "integrity": "sha512-lkF7AWRicoB9mAgjeKbGqVUekLnSNO4VjKVnuPHpQeOxZOErX6BPXwJk70nFslRCEEA8EVW7ZjKwXaP9N+1sKQ=="
    }
  }
}
