{
  "name": "hello-world",
  "lockfileVersion": 2,
  "requires": true,
  "packages": {
    "": {
      "dependencies": {
        "ts-proto": "^2.2.0"
      },
      "devDependencies": {
        "assemblyscript": "^0.27.29"
      }
    },
    "node_modules/@bufbuild/protobuf": {
      "version": "2.1.0",
      "resolved": "https://registry.npmjs.org/@bufbuild/protobuf/-/protobuf-2.1.0.tgz",
      "integrity": "sha512-+2Mx67Y3skJ4NCD/qNSdBJNWtu6x6Qr53jeNg+QcwiL6mt0wK+3jwHH2x1p7xaYH6Ve2JKOVn0OxU35WsmqI9A=="
    },
    "node_modules/assemblyscript": {
      "version": "0.27.29",
      "resolved": "https://registry.npmjs.org/assemblyscript/-/assemblyscript-0.27.29.tgz",
      "integrity": "sha512-pH6udb7aE2F0t6cTh+0uCepmucykhMnAmm7k0kkAU3SY7LvpIngEBZWM6p5VCguu4EpmKGwEuZpZbEXzJ/frHQ==",
      "dev": true,
      "dependencies": {
        "binaryen": "116.0.0-nightly.20240114",
        "long": "^5.2.1"
      },
      "bin": {
        "asc": "bin/asc.js",
        "asinit": "bin/asinit.js"
      },
      "engines": {
        "node": ">=16",
        "npm": ">=7"
      },
      "funding": {
        "type": "opencollective",
        "url": "https://opencollective.com/assemblyscript"
      }
    },
    "node_modules/binaryen": {
      "version": "116.0.0-nightly.20240114",
      "resolved": "https://registry.npmjs.org/binaryen/-/binaryen-116.0.0-nightly.20240114.tgz",
      "integrity": "sha512-0GZrojJnuhoe+hiwji7QFaL3tBlJoA+KFUN7ouYSDGZLSo9CKM8swQX8n/UcbR0d1VuZKU+nhogNzv423JEu5A==",
      "dev": true,
      "bin": {
        "wasm-opt": "bin/wasm-opt",
        "wasm2js": "bin/wasm2js"
      }
    },
    "node_modules/case-anything": {
      "version": "2.1.13",
      "resolved": "https://registry.npmjs.org/case-anything/-/case-anything-2.1.13.tgz",
      "integrity": "sha512-zlOQ80VrQ2Ue+ymH5OuM/DlDq64mEm+B9UTdHULv5osUMD6HalNTblf2b1u/m6QecjsnOkBpqVZ+XPwIVsy7Ng==",
      "engines": {
        "node": ">=12.13"
      },
      "funding": {
        "url": "https://github.com/sponsors/mesqueeb"
      }
    },
    "node_modules/detect-libc": {
      "version": "1.0.3",
      "resolved": "https://registry.npmjs.org/detect-libc/-/detect-libc-1.0.3.tgz",
      "integrity": "sha512-pGjwhsmsp4kL2RTz08wcOlGN83otlqHeD/Z5T8GXZB+/YcpQ/dgo+lbU8ZsGxV0HIvqqxo9l7mqYwyYMD9bKDg==",
      "bin": {
        "detect-libc": "bin/detect-libc.js"
      },
      "engines": {
        "node": ">=0.10"
      }
    },
    "node_modules/dprint-node": {
      "version": "1.0.8",
      "resolved": "https://registry.npmjs.org/dprint-node/-/dprint-node-1.0.8.tgz",
      "integrity": "sha512-iVKnUtYfGrYcW1ZAlfR/F59cUVL8QIhWoBJoSjkkdua/dkWIgjZfiLMeTjiB06X0ZLkQ0M2C1VbUj/CxkIf1zg==",
      "dependencies": {
        "detect-libc": "^1.0.3"
      }
    },
    "node_modules/long": {
      "version": "5.2.3",
      "resolved": "https://registry.npmjs.org/long/-/long-5.2.3.tgz",
      "integrity": "sha512-lcHwpNoggQTObv5apGNCTdJrO69eHOZMi4BNC+rTLER8iHAqGrUVeLh/irVIM7zTw2bOXA8T6uNPeujwOLg/2Q==",
      "dev": true
    },
    "node_modules/ts-poet": {
      "version": "6.9.0",
      "resolved": "https://registry.npmjs.org/ts-poet/-/ts-poet-6.9.0.tgz",
      "integrity": "sha512-roe6W6MeZmCjRmppyfOURklO5tQFQ6Sg7swURKkwYJvV7dbGCrK28um5+51iW3twdPRKtwarqFAVMU6G1mvnuQ==",
      "dependencies": {
        "dprint-node": "^1.0.8"
      }
    },
    "node_modules/ts-proto": {
      "version": "2.2.0",
      "resolved": "https://registry.npmjs.org/ts-proto/-/ts-proto-2.2.0.tgz",
      "integrity": "sha512-xzmnyrarUjPnY+Py4RyTh3lYmL9w5t/oTtRTo2rKF8laAAahpGZ/ELxkXFEZns5JVbgkYke3C17HN5iNvZOs4g==",
      "dependencies": {
        "@bufbuild/protobuf": "^2.0.0",
        "case-anything": "^2.1.13",
        "ts-poet": "^6.7.0",
        "ts-proto-descriptors": "2.0.0"
      },
      "bin": {
        "protoc-gen-ts_proto": "protoc-gen-ts_proto"
      }
    },
    "node_modules/ts-proto-descriptors": {
      "version": "2.0.0",
      "resolved": "https://registry.npmjs.org/ts-proto-descriptors/-/ts-proto-descriptors-2.0.0.tgz",
      "integrity": "sha512-wHcTH3xIv11jxgkX5OyCSFfw27agpInAd6yh89hKG6zqIXnjW9SYqSER2CVQxdPj4czeOhGagNvZBEbJPy7qkw==",
      "dependencies": {
        "@bufbuild/protobuf": "^2.0.0"
      }
    }
  },
  "dependencies": {
    "@bufbuild/protobuf": {
      "version": "2.1.0",
      "resolved": "https://registry.npmjs.org/@bufbuild/protobuf/-/protobuf-2.1.0.tgz",
      "integrity": "sha512-+2Mx67Y3skJ4NCD/qNSdBJNWtu6x6Qr53jeNg+QcwiL6mt0wK+3jwHH2x1p7xaYH6Ve2JKOVn0OxU35WsmqI9A=="
    },
    "assemblyscript": {
      "version": "0.27.29",
      "resolved": "https://registry.npmjs.org/assemblyscript/-/assemblyscript-0.27.29.tgz",
      "integrity": "sha512-pH6udb7aE2F0t6cTh+0uCepmucykhMnAmm7k0kkAU3SY7LvpIngEBZWM6p5VCguu4EpmKGwEuZpZbEXzJ/frHQ==",
      "dev": true,
      "requires": {
        "binaryen": "116.0.0-nightly.20240114",
        "long": "^5.2.1"
      }
    },
    "binaryen": {
      "version": "116.0.0-nightly.20240114",
      "resolved": "https://registry.npmjs.org/binaryen/-/binaryen-116.0.0-nightly.20240114.tgz",
      "integrity": "sha512-0GZrojJnuhoe+hiwji7QFaL3tBlJoA+KFUN7ouYSDGZLSo9CKM8swQX8n/UcbR0d1VuZKU+nhogNzv423JEu5A==",
      "dev": true
    },
    "case-anything": {
      "version": "2.1.13",
      "resolved": "https://registry.npmjs.org/case-anything/-/case-anything-2.1.13.tgz",
      "integrity": "sha512-zlOQ80VrQ2Ue+ymH5OuM/DlDq64mEm+B9UTdHULv5osUMD6HalNTblf2b1u/m6QecjsnOkBpqVZ+XPwIVsy7Ng=="
    },
    "detect-libc": {
      "version": "1.0.3",
      "resolved": "https://registry.npmjs.org/detect-libc/-/detect-libc-1.0.3.tgz",
      "integrity": "sha512-pGjwhsmsp4kL2RTz08wcOlGN83otlqHeD/Z5T8GXZB+/YcpQ/dgo+lbU8ZsGxV0HIvqqxo9l7mqYwyYMD9bKDg=="
    },
    "dprint-node": {
      "version": "1.0.8",
      "resolved": "https://registry.npmjs.org/dprint-node/-/dprint-node-1.0.8.tgz",
      "integrity": "sha512-iVKnUtYfGrYcW1ZAlfR/F59cUVL8QIhWoBJoSjkkdua/dkWIgjZfiLMeTjiB06X0ZLkQ0M2C1VbUj/CxkIf1zg==",
      "requires": {
        "detect-libc": "^1.0.3"
      }
    },
    "long": {
      "version": "5.2.3",
      "resolved": "https://registry.npmjs.org/long/-/long-5.2.3.tgz",
      "integrity": "sha512-lcHwpNoggQTObv5apGNCTdJrO69eHOZMi4BNC+rTLER8iHAqGrUVeLh/irVIM7zTw2bOXA8T6uNPeujwOLg/2Q==",
      "dev": true
    },
    "ts-poet": {
      "version": "6.9.0",
      "resolved": "https://registry.npmjs.org/ts-poet/-/ts-poet-6.9.0.tgz",
      "integrity": "sha512-roe6W6MeZmCjRmppyfOURklO5tQFQ6Sg7swURKkwYJvV7dbGCrK28um5+51iW3twdPRKtwarqFAVMU6G1mvnuQ==",
      "requires": {
        "dprint-node": "^1.0.8"
      }
    },
    "ts-proto": {
      "version": "2.2.0",
      "resolved": "https://registry.npmjs.org/ts-proto/-/ts-proto-2.2.0.tgz",
      "integrity": "sha512-xzmnyrarUjPnY+Py4RyTh3lYmL9w5t/oTtRTo2rKF8laAAahpGZ/ELxkXFEZns5JVbgkYke3C17HN5iNvZOs4g==",
      "requires": {
        "@bufbuild/protobuf": "^2.0.0",
        "case-anything": "^2.1.13",
        "ts-poet": "^6.7.0",
        "ts-proto-descriptors": "2.0.0"
      }
    },
    "ts-proto-descriptors": {
      "version": "2.0.0",
      "resolved": "https://registry.npmjs.org/ts-proto-descriptors/-/ts-proto-descriptors-2.0.0.tgz",
      "integrity": "sha512-wHcTH3xIv11jxgkX5OyCSFfw27agpInAd6yh89hKG6zqIXnjW9SYqSER2CVQxdPj4czeOhGagNvZBEbJPy7qkw==",
      "requires": {
        "@bufbuild/protobuf": "^2.0.0"
      }
    }
  }
}
